
Microsoft Visual Studio Solution File, Format Version 12.00
# Visual Studio Version 16
VisualStudioVersion = 16.0.30711.63
MinimumVisualStudioVersion = 10.0.40219.1
Project("{FAE04EC0-301F-11D3-BF4B-00C04F79EFBC}") = "TheObjectOfYourAffection", "TheObjectOfYourAffection\TheObjectOfYourAffection.csproj", "{8D140AA3-BA44-4A6D-9635-A92C1E1B092C}"
EndProject
Global
	GlobalSection(SolutionConfigurationPlatforms) = preSolution
		Debug|Any CPU = Debug|Any CPU
		Release|Any CPU = Release|Any CPU
	EndGlobalSection
	GlobalSection(ProjectConfigurationPlatforms) = postSolution
		{8D140AA3-BA44-4A6D-9635-A92C1E1B092C}.Debug|Any CPU.ActiveCfg = Debug|Any CPU
		{8D140AA3-BA44-4A6D-9635-A92C1E1B092C}.Debug|Any CPU.Build.0 = Debug|Any CPU
		{8D140AA3-BA44-4A6D-9635-A92C1E1B092C}.Release|Any CPU.ActiveCfg = Release|Any CPU
		{8D140AA3-BA44-4A6D-9635-A92C1E1B092C}.Release|Any CPU.Build.0 = Release|Any CPU
	EndGlobalSection
	GlobalSection(SolutionProperties) = preSolution
		HideSolutionNode = FALSE
	EndGlobalSection
	GlobalSection(ExtensibilityGlobals) = postSolution
		SolutionGuid = {6B097F4E-7E26-4300-A7C7-701EEAAFF9E6}
	EndGlobalSection
EndGlobal
